
Microsoft Visual Studio Solution File, Format Version 12.00
# Visual Studio 15
VisualStudioVersion = 15.0.27428.2002
MinimumVisualStudioVersion = 10.0.40219.1
Project("{9A19103F-16F7-4668-BE54-9A1E7A4F7556}") = "api", "api\api.csproj", "{1E84383D-B6F4-47F0-B8D2-B16BBA7C1023}"
EndProject
Project("{9A19103F-16F7-4668-BE54-9A1E7A4F7556}") = "api.tests", "api.tests\api.tests.csproj", "{261473A2-B49A-4059-B566-0EE8274C54D2}"
EndProject
Global
	GlobalSection(SolutionConfigurationPlatforms) = preSolution
		Debug|Any CPU = Debug|Any CPU
		Release|Any CPU = Release|Any CPU
	EndGlobalSection
	GlobalSection(ProjectConfigurationPlatforms) = postSolution
		{1E84383D-B6F4-47F0-B8D2-B16BBA7C1023}.Debug|Any CPU.ActiveCfg = Debug|Any CPU
		{1E84383D-B6F4-47F0-B8D2-B16BBA7C1023}.Debug|Any CPU.Build.0 = Debug|Any CPU
		{1E84383D-B6F4-47F0-B8D2-B16BBA7C1023}.Release|Any CPU.ActiveCfg = Release|Any CPU
		{1E84383D-B6F4-47F0-B8D2-B16BBA7C1023}.Release|Any CPU.Build.0 = Release|Any CPU
		{261473A2-B49A-4059-B566-0EE8274C54D2}.Debug|Any CPU.ActiveCfg = Debug|Any CPU
		{261473A2-B49A-4059-B566-0EE8274C54D2}.Debug|Any CPU.Build.0 = Debug|Any CPU
		{261473A2-B49A-4059-B566-0EE8274C54D2}.Release|Any CPU.ActiveCfg = Release|Any CPU
		{261473A2-B49A-4059-B566-0EE8274C54D2}.Release|Any CPU.Build.0 = Release|Any CPU
	EndGlobalSection
	GlobalSection(SolutionProperties) = preSolution
		HideSolutionNode = FALSE
	EndGlobalSection
	GlobalSection(ExtensibilityGlobals) = postSolution
		SolutionGuid = {4513E79A-DD38-4A58-8F7D-4AAF9FBAFC0E}
	EndGlobalSection
EndGlobal
